
Microsoft Visual Studio Solution File, Format Version 12.00
# Visual Studio 15
VisualStudioVersion = 15.0.26124.0
MinimumVisualStudioVersion = 15.0.26124.0
Project("{2150E333-8FDC-42A3-9474-1A3956D46DE8}") = "Code", "Code", "{9B6C36F6-E9B0-4861-B0CD-4FFCE419CC0A}"
EndProject
Project("{FAE04EC0-301F-11D3-BF4B-00C04F79EFBC}") = "dotnetdemo.Api", "Code\dotnetdemo.Api\dotnetdemo.Api.csproj", "{DA289013-D697-4F72-878E-FEB1984283A5}"
EndProject
Project("{FAE04EC0-301F-11D3-BF4B-00C04F79EFBC}") = "dotnetdemo.BusinessEntities", "Code\dotnetdemo.BusinessEntities\dotnetdemo.BusinessEntities.csproj", "{C090E71F-C749-415D-B440-9BC424309011}"
EndProject
Project("{FAE04EC0-301F-11D3-BF4B-00C04F79EFBC}") = "dotnetdemo.BusinessServices", "Code\dotnetdemo.BusinessServices\dotnetdemo.BusinessServices.csproj", "{49DC7857-26B7-4A33-BB83-8456F2216B78}"
EndProject
Project("{FAE04EC0-301F-11D3-BF4B-00C04F79EFBC}") = "dotnetdemo.Contracts", "Code\dotnetdemo.Contracts\dotnetdemo.Contracts.csproj", "{97A097FD-A13D-46EC-8284-95DEED800EC6}"
EndProject
Project("{FAE04EC0-301F-11D3-BF4B-00C04F79EFBC}") = "dotnetdemo.Data", "Code\dotnetdemo.Data\dotnetdemo.Data.csproj", "{1D6C35D5-C6B2-4CB6-A958-CF06E09045B4}"
EndProject
Project("{FAE04EC0-301F-11D3-BF4B-00C04F79EFBC}") = "dotnetdemo.Test.Api", "Code\dotnetdemo.Test.Api\dotnetdemo.Test.Api.csproj", "{06B27B57-DEA3-4563-8B1E-3214BFFEB915}"
EndProject
Project("{FAE04EC0-301F-11D3-BF4B-00C04F79EFBC}") = "dotnetdemo.Test.Business", "Code\dotnetdemo.Test.Business\dotnetdemo.Test.Business.csproj", "{45F43CDE-7575-4BF3-A8B7-B20B7A3D7723}"
EndProject
Project("{FAE04EC0-301F-11D3-BF4B-00C04F79EFBC}") = "dotnetdemo.Test.Framework", "Code\dotnetdemo.Test.Framework\dotnetdemo.Test.Framework.csproj", "{9EFAC347-2935-4B3E-959A-EF04CD601422}"
EndProject
Project("{2150E333-8FDC-42A3-9474-1A3956D46DE8}") = "Test", "Test", "{5A74816E-E898-461D-A2F8-887631E5C611}"
EndProject
Global
	GlobalSection(SolutionConfigurationPlatforms) = preSolution
		Debug|Any CPU = Debug|Any CPU
		Debug|x64 = Debug|x64
		Debug|x86 = Debug|x86
		Release|Any CPU = Release|Any CPU
		Release|x64 = Release|x64
		Release|x86 = Release|x86
	EndGlobalSection
	GlobalSection(SolutionProperties) = preSolution
		HideSolutionNode = FALSE
	EndGlobalSection
	GlobalSection(ProjectConfigurationPlatforms) = postSolution
		{DA289013-D697-4F72-878E-FEB1984283A5}.Debug|Any CPU.ActiveCfg = Debug|Any CPU
		{DA289013-D697-4F72-878E-FEB1984283A5}.Debug|Any CPU.Build.0 = Debug|Any CPU
		{DA289013-D697-4F72-878E-FEB1984283A5}.Debug|x64.ActiveCfg = Debug|Any CPU
		{DA289013-D697-4F72-878E-FEB1984283A5}.Debug|x64.Build.0 = Debug|Any CPU
		{DA289013-D697-4F72-878E-FEB1984283A5}.Debug|x86.ActiveCfg = Debug|Any CPU
		{DA289013-D697-4F72-878E-FEB1984283A5}.Debug|x86.Build.0 = Debug|Any CPU
		{DA289013-D697-4F72-878E-FEB1984283A5}.Release|Any CPU.ActiveCfg = Release|Any CPU
		{DA289013-D697-4F72-878E-FEB1984283A5}.Release|Any CPU.Build.0 = Release|Any CPU
		{DA289013-D697-4F72-878E-FEB1984283A5}.Release|x64.ActiveCfg = Release|Any CPU
		{DA289013-D697-4F72-878E-FEB1984283A5}.Release|x64.Build.0 = Release|Any CPU
		{DA289013-D697-4F72-878E-FEB1984283A5}.Release|x86.ActiveCfg = Release|Any CPU
		{DA289013-D697-4F72-878E-FEB1984283A5}.Release|x86.Build.0 = Release|Any CPU
		{C090E71F-C749-415D-B440-9BC424309011}.Debug|Any CPU.ActiveCfg = Debug|Any CPU
		{C090E71F-C749-415D-B440-9BC424309011}.Debug|Any CPU.Build.0 = Debug|Any CPU
		{C090E71F-C749-415D-B440-9BC424309011}.Debug|x64.ActiveCfg = Debug|Any CPU
		{C090E71F-C749-415D-B440-9BC424309011}.Debug|x64.Build.0 = Debug|Any CPU
		{C090E71F-C749-415D-B440-9BC424309011}.Debug|x86.ActiveCfg = Debug|Any CPU
		{C090E71F-C749-415D-B440-9BC424309011}.Debug|x86.Build.0 = Debug|Any CPU
		{C090E71F-C749-415D-B440-9BC424309011}.Release|Any CPU.ActiveCfg = Release|Any CPU
		{C090E71F-C749-415D-B440-9BC424309011}.Release|Any CPU.Build.0 = Release|Any CPU
		{C090E71F-C749-415D-B440-9BC424309011}.Release|x64.ActiveCfg = Release|Any CPU
		{C090E71F-C749-415D-B440-9BC424309011}.Release|x64.Build.0 = Release|Any CPU
		{C090E71F-C749-415D-B440-9BC424309011}.Release|x86.ActiveCfg = Release|Any CPU
		{C090E71F-C749-415D-B440-9BC424309011}.Release|x86.Build.0 = Release|Any CPU
		{49DC7857-26B7-4A33-BB83-8456F2216B78}.Debug|Any CPU.ActiveCfg = Debug|Any CPU
		{49DC7857-26B7-4A33-BB83-8456F2216B78}.Debug|Any CPU.Build.0 = Debug|Any CPU
		{49DC7857-26B7-4A33-BB83-8456F2216B78}.Debug|x64.ActiveCfg = Debug|Any CPU
		{49DC7857-26B7-4A33-BB83-8456F2216B78}.Debug|x64.Build.0 = Debug|Any CPU
		{49DC7857-26B7-4A33-BB83-8456F2216B78}.Debug|x86.ActiveCfg = Debug|Any CPU
		{49DC7857-26B7-4A33-BB83-8456F2216B78}.Debug|x86.Build.0 = Debug|Any CPU
		{49DC7857-26B7-4A33-BB83-8456F2216B78}.Release|Any CPU.ActiveCfg = Release|Any CPU
		{49DC7857-26B7-4A33-BB83-8456F2216B78}.Release|Any CPU.Build.0 = Release|Any CPU
		{49DC7857-26B7-4A33-BB83-8456F2216B78}.Release|x64.ActiveCfg = Release|Any CPU
		{49DC7857-26B7-4A33-BB83-8456F2216B78}.Release|x64.Build.0 = Release|Any CPU
		{49DC7857-26B7-4A33-BB83-8456F2216B78}.Release|x86.ActiveCfg = Release|Any CPU
		{49DC7857-26B7-4A33-BB83-8456F2216B78}.Release|x86.Build.0 = Release|Any CPU
		{97A097FD-A13D-46EC-8284-95DEED800EC6}.Debug|Any CPU.ActiveCfg = Debug|Any CPU
		{97A097FD-A13D-46EC-8284-95DEED800EC6}.Debug|Any CPU.Build.0 = Debug|Any CPU
		{97A097FD-A13D-46EC-8284-95DEED800EC6}.Debug|x64.ActiveCfg = Debug|Any CPU
		{97A097FD-A13D-46EC-8284-95DEED800EC6}.Debug|x64.Build.0 = Debug|Any CPU
		{97A097FD-A13D-46EC-8284-95DEED800EC6}.Debug|x86.ActiveCfg = Debug|Any CPU
		{97A097FD-A13D-46EC-8284-95DEED800EC6}.Debug|x86.Build.0 = Debug|Any CPU
		{97A097FD-A13D-46EC-8284-95DEED800EC6}.Release|Any CPU.ActiveCfg = Release|Any CPU
		{97A097FD-A13D-46EC-8284-95DEED800EC6}.Release|Any CPU.Build.0 = Release|Any CPU
		{97A097FD-A13D-46EC-8284-95DEED800EC6}.Release|x64.ActiveCfg = Release|Any CPU
		{97A097FD-A13D-46EC-8284-95DEED800EC6}.Release|x64.Build.0 = Release|Any CPU
		{97A097FD-A13D-46EC-8284-95DEED800EC6}.Release|x86.ActiveCfg = Release|Any CPU
		{97A097FD-A13D-46EC-8284-95DEED800EC6}.Release|x86.Build.0 = Release|Any CPU
		{1D6C35D5-C6B2-4CB6-A958-CF06E09045B4}.Debug|Any CPU.ActiveCfg = Debug|Any CPU
		{1D6C35D5-C6B2-4CB6-A958-CF06E09045B4}.Debug|Any CPU.Build.0 = Debug|Any CPU
		{1D6C35D5-C6B2-4CB6-A958-CF06E09045B4}.Debug|x64.ActiveCfg = Debug|Any CPU
		{1D6C35D5-C6B2-4CB6-A958-CF06E09045B4}.Debug|x64.Build.0 = Debug|Any CPU
		{1D6C35D5-C6B2-4CB6-A958-CF06E09045B4}.Debug|x86.ActiveCfg = Debug|Any CPU
		{1D6C35D5-C6B2-4CB6-A958-CF06E09045B4}.Debug|x86.Build.0 = Debug|Any CPU
		{1D6C35D5-C6B2-4CB6-A958-CF06E09045B4}.Release|Any CPU.ActiveCfg = Release|Any CPU
		{1D6C35D5-C6B2-4CB6-A958-CF06E09045B4}.Release|Any CPU.Build.0 = Release|Any CPU
		{1D6C35D5-C6B2-4CB6-A958-CF06E09045B4}.Release|x64.ActiveCfg = Release|Any CPU
		{1D6C35D5-C6B2-4CB6-A958-CF06E09045B4}.Release|x64.Build.0 = Release|Any CPU
		{1D6C35D5-C6B2-4CB6-A958-CF06E09045B4}.Release|x86.ActiveCfg = Release|Any CPU
		{1D6C35D5-C6B2-4CB6-A958-CF06E09045B4}.Release|x86.Build.0 = Release|Any CPU
		{06B27B57-DEA3-4563-8B1E-3214BFFEB915}.Debug|Any CPU.ActiveCfg = Debug|Any CPU
		{06B27B57-DEA3-4563-8B1E-3214BFFEB915}.Debug|Any CPU.Build.0 = Debug|Any CPU
		{06B27B57-DEA3-4563-8B1E-3214BFFEB915}.Debug|x64.ActiveCfg = Debug|Any CPU
		{06B27B57-DEA3-4563-8B1E-3214BFFEB915}.Debug|x64.Build.0 = Debug|Any CPU
		{06B27B57-DEA3-4563-8B1E-3214BFFEB915}.Debug|x86.ActiveCfg = Debug|Any CPU
		{06B27B57-DEA3-4563-8B1E-3214BFFEB915}.Debug|x86.Build.0 = Debug|Any CPU
		{06B27B57-DEA3-4563-8B1E-3214BFFEB915}.Release|Any CPU.ActiveCfg = Release|Any CPU
		{06B27B57-DEA3-4563-8B1E-3214BFFEB915}.Release|Any CPU.Build.0 = Release|Any CPU
		{06B27B57-DEA3-4563-8B1E-3214BFFEB915}.Release|x64.ActiveCfg = Release|Any CPU
		{06B27B57-DEA3-4563-8B1E-3214BFFEB915}.Release|x64.Build.0 = Release|Any CPU
		{06B27B57-DEA3-4563-8B1E-3214BFFEB915}.Release|x86.ActiveCfg = Release|Any CPU
		{06B27B57-DEA3-4563-8B1E-3214BFFEB915}.Release|x86.Build.0 = Release|Any CPU
		{45F43CDE-7575-4BF3-A8B7-B20B7A3D7723}.Debug|Any CPU.ActiveCfg = Debug|Any CPU
		{45F43CDE-7575-4BF3-A8B7-B20B7A3D7723}.Debug|Any CPU.Build.0 = Debug|Any CPU
		{45F43CDE-7575-4BF3-A8B7-B20B7A3D7723}.Debug|x64.ActiveCfg = Debug|Any CPU
		{45F43CDE-7575-4BF3-A8B7-B20B7A3D7723}.Debug|x64.Build.0 = Debug|Any CPU
		{45F43CDE-7575-4BF3-A8B7-B20B7A3D7723}.Debug|x86.ActiveCfg = Debug|Any CPU
		{45F43CDE-7575-4BF3-A8B7-B20B7A3D7723}.Debug|x86.Build.0 = Debug|Any CPU
		{45F43CDE-7575-4BF3-A8B7-B20B7A3D7723}.Release|Any CPU.ActiveCfg = Release|Any CPU
		{45F43CDE-7575-4BF3-A8B7-B20B7A3D7723}.Release|Any CPU.Build.0 = Release|Any CPU
		{45F43CDE-7575-4BF3-A8B7-B20B7A3D7723}.Release|x64.ActiveCfg = Release|Any CPU
		{45F43CDE-7575-4BF3-A8B7-B20B7A3D7723}.Release|x64.Build.0 = Release|Any CPU
		{45F43CDE-7575-4BF3-A8B7-B20B7A3D7723}.Release|x86.ActiveCfg = Release|Any CPU
		{45F43CDE-7575-4BF3-A8B7-B20B7A3D7723}.Release|x86.Build.0 = Release|Any CPU
		{9EFAC347-2935-4B3E-959A-EF04CD601422}.Debug|Any CPU.ActiveCfg = Debug|Any CPU
		{9EFAC347-2935-4B3E-959A-EF04CD601422}.Debug|Any CPU.Build.0 = Debug|Any CPU
		{9EFAC347-2935-4B3E-959A-EF04CD601422}.Debug|x64.ActiveCfg = Debug|Any CPU
		{9EFAC347-2935-4B3E-959A-EF04CD601422}.Debug|x64.Build.0 = Debug|Any CPU
		{9EFAC347-2935-4B3E-959A-EF04CD601422}.Debug|x86.ActiveCfg = Debug|Any CPU
		{9EFAC347-2935-4B3E-959A-EF04CD601422}.Debug|x86.Build.0 = Debug|Any CPU
		{9EFAC347-2935-4B3E-959A-EF04CD601422}.Release|Any CPU.ActiveCfg = Release|Any CPU
		{9EFAC347-2935-4B3E-959A-EF04CD601422}.Release|Any CPU.Build.0 = Release|Any CPU
		{9EFAC347-2935-4B3E-959A-EF04CD601422}.Release|x64.ActiveCfg = Release|Any CPU
		{9EFAC347-2935-4B3E-959A-EF04CD601422}.Release|x64.Build.0 = Release|Any CPU
		{9EFAC347-2935-4B3E-959A-EF04CD601422}.Release|x86.ActiveCfg = Release|Any CPU
		{9EFAC347-2935-4B3E-959A-EF04CD601422}.Release|x86.Build.0 = Release|Any CPU
	EndGlobalSection
	GlobalSection(NestedProjects) = preSolution
		{DA289013-D697-4F72-878E-FEB1984283A5} = {9B6C36F6-E9B0-4861-B0CD-4FFCE419CC0A}
		{C090E71F-C749-415D-B440-9BC424309011} = {9B6C36F6-E9B0-4861-B0CD-4FFCE419CC0A}
		{49DC7857-26B7-4A33-BB83-8456F2216B78} = {9B6C36F6-E9B0-4861-B0CD-4FFCE419CC0A}
		{97A097FD-A13D-46EC-8284-95DEED800EC6} = {9B6C36F6-E9B0-4861-B0CD-4FFCE419CC0A}
		{1D6C35D5-C6B2-4CB6-A958-CF06E09045B4} = {9B6C36F6-E9B0-4861-B0CD-4FFCE419CC0A}
		{06B27B57-DEA3-4563-8B1E-3214BFFEB915} = {5A74816E-E898-461D-A2F8-887631E5C611}
		{45F43CDE-7575-4BF3-A8B7-B20B7A3D7723} = {5A74816E-E898-461D-A2F8-887631E5C611}
		{9EFAC347-2935-4B3E-959A-EF04CD601422} = {5A74816E-E898-461D-A2F8-887631E5C611}
	EndGlobalSection
EndGlobal
